
Microsoft Visual Studio Solution File, Format Version 12.00
# Visual Studio Version 17
VisualStudioVersion = 17.0.32112.339
MinimumVisualStudioVersion = 10.0.40219.1
Project("{9A19103F-16F7-4668-BE54-9A1E7A4F7556}") = "TNT_WPF", "TNT_WPF\TNT_WPF.csproj", "{CCC985D8-D551-446D-899E-ADFAFE22A0F0}"
EndProject
Project("{9A19103F-16F7-4668-BE54-9A1E7A4F7556}") = "TNT_ClassLib", "TNT_ClassLib\TNT_ClassLib.csproj", "{93F663BD-79D4-4ECC-B7C5-ECD2A20DC1C5}"
EndProject
Global
	GlobalSection(SolutionConfigurationPlatforms) = preSolution
		Debug|Any CPU = Debug|Any CPU
		Release|Any CPU = Release|Any CPU
	EndGlobalSection
	GlobalSection(ProjectConfigurationPlatforms) = postSolution
		{CCC985D8-D551-446D-899E-ADFAFE22A0F0}.Debug|Any CPU.ActiveCfg = Debug|Any CPU
		{CCC985D8-D551-446D-899E-ADFAFE22A0F0}.Debug|Any CPU.Build.0 = Debug|Any CPU
		{CCC985D8-D551-446D-899E-ADFAFE22A0F0}.Release|Any CPU.ActiveCfg = Release|Any CPU
		{CCC985D8-D551-446D-899E-ADFAFE22A0F0}.Release|Any CPU.Build.0 = Release|Any CPU
		{93F663BD-79D4-4ECC-B7C5-ECD2A20DC1C5}.Debug|Any CPU.ActiveCfg = Debug|Any CPU
		{93F663BD-79D4-4ECC-B7C5-ECD2A20DC1C5}.Debug|Any CPU.Build.0 = Debug|Any CPU
		{93F663BD-79D4-4ECC-B7C5-ECD2A20DC1C5}.Release|Any CPU.ActiveCfg = Release|Any CPU
		{93F663BD-79D4-4ECC-B7C5-ECD2A20DC1C5}.Release|Any CPU.Build.0 = Release|Any CPU
	EndGlobalSection
	GlobalSection(SolutionProperties) = preSolution
		HideSolutionNode = FALSE
	EndGlobalSection
	GlobalSection(ExtensibilityGlobals) = postSolution
		SolutionGuid = {4F0E1413-BE41-46C8-AF4A-5F429FBF6E63}
	EndGlobalSection
EndGlobal
